{
  "requires": true,
  "lockfileVersion": 1,
  "dependencies": {
    "ccxt": {
      "version": "1.90.41",
      "resolved": "https://registry.npmjs.org/ccxt/-/ccxt-1.90.41.tgz",
      "integrity": "sha512-c9tytdS2inVx+9kTLx6LtzbG7b2e/ztOFL7J/6+qOxlUp39vSg/w4PD2w67guZrKRsQ72jNgMiyCPTStXbdVTA=="
    }
  }
}
